
Microsoft Visual Studio Solution File, Format Version 12.00
# Visual Studio Version 17
VisualStudioVersion = 17.1.32328.378
MinimumVisualStudioVersion = 10.0.40219.1
Project("{FAE04EC0-301F-11D3-BF4B-00C04F79EFBC}") = "BlogPessoalTest", "BlogPessoalTest\BlogPessoalTest.csproj", "{1DA1E2C4-22D9-4BD6-A158-0EE23583CC02}"
EndProject
Project("{FAE04EC0-301F-11D3-BF4B-00C04F79EFBC}") = "BlogPessoal", "BlogPessoal\BlogPessoal.csproj", "{9EAD2DE2-395F-4ECC-AEF9-EEEFDB02DC9B}"
EndProject
Global
	GlobalSection(SolutionConfigurationPlatforms) = preSolution
		Debug|Any CPU = Debug|Any CPU
		Release|Any CPU = Release|Any CPU
	EndGlobalSection
	GlobalSection(ProjectConfigurationPlatforms) = postSolution
		{1DA1E2C4-22D9-4BD6-A158-0EE23583CC02}.Debug|Any CPU.ActiveCfg = Debug|Any CPU
		{1DA1E2C4-22D9-4BD6-A158-0EE23583CC02}.Debug|Any CPU.Build.0 = Debug|Any CPU
		{1DA1E2C4-22D9-4BD6-A158-0EE23583CC02}.Release|Any CPU.ActiveCfg = Release|Any CPU
		{1DA1E2C4-22D9-4BD6-A158-0EE23583CC02}.Release|Any CPU.Build.0 = Release|Any CPU
		{9EAD2DE2-395F-4ECC-AEF9-EEEFDB02DC9B}.Debug|Any CPU.ActiveCfg = Debug|Any CPU
		{9EAD2DE2-395F-4ECC-AEF9-EEEFDB02DC9B}.Debug|Any CPU.Build.0 = Debug|Any CPU
		{9EAD2DE2-395F-4ECC-AEF9-EEEFDB02DC9B}.Release|Any CPU.ActiveCfg = Release|Any CPU
		{9EAD2DE2-395F-4ECC-AEF9-EEEFDB02DC9B}.Release|Any CPU.Build.0 = Release|Any CPU
	EndGlobalSection
	GlobalSection(SolutionProperties) = preSolution
		HideSolutionNode = FALSE
	EndGlobalSection
	GlobalSection(ExtensibilityGlobals) = postSolution
		SolutionGuid = {9E699414-3E21-46DA-B905-7CDB4304F290}
	EndGlobalSection
EndGlobal
